{
    "_meta": {
        "hash": {
            "sha256": "b57a84c4fe216accb8b39c0352f954fa868dce943b310e7d61e23701f3cdb9b4"
        },
        "pipfile-spec": 6,
        "requires": {
            "python_version": "3.7"
        },
        "sources": [
            {
                "name": "pypi",
                "url": "https://pypi.org/simple",
                "verify_ssl": true
            }
        ]
    },
    "default": {
        "ffmpy": {
            "hashes": [
                "sha256:25ddb274c1c308d6184ee5eba43a26c88242ee15c008d5f7fe6b1f5bcad9bf05",
                "sha256:65abdddfa2561bb86b6c9ecfced53c7a15ea5080db4ddad08da7de5a348929f1"
            ],
            "index": "pypi",
            "version": "==0.2.2"
        }
    },
    "develop": {}
}
